
Microsoft Visual Studio Solution File, Format Version 12.00
# Visual Studio Version 17
VisualStudioVersion = 17.5.002.0
MinimumVisualStudioVersion = 10.0.40219.1
Project("{9A19103F-16F7-4668-BE54-9A1E7A4F7556}") = "Systemtime", "Systemtime.csproj", "{E15ADCC0-05FB-4BEF-9AB3-1292C02D2D20}"
EndProject
Global
	GlobalSection(SolutionConfigurationPlatforms) = preSolution
		Debug|Any CPU = Debug|Any CPU
		Release|Any CPU = Release|Any CPU
	EndGlobalSection
	GlobalSection(ProjectConfigurationPlatforms) = postSolution
		{E15ADCC0-05FB-4BEF-9AB3-1292C02D2D20}.Debug|Any CPU.ActiveCfg = Debug|Any CPU
		{E15ADCC0-05FB-4BEF-9AB3-1292C02D2D20}.Debug|Any CPU.Build.0 = Debug|Any CPU
		{E15ADCC0-05FB-4BEF-9AB3-1292C02D2D20}.Release|Any CPU.ActiveCfg = Release|Any CPU
		{E15ADCC0-05FB-4BEF-9AB3-1292C02D2D20}.Release|Any CPU.Build.0 = Release|Any CPU
	EndGlobalSection
	GlobalSection(SolutionProperties) = preSolution
		HideSolutionNode = FALSE
	EndGlobalSection
	GlobalSection(ExtensibilityGlobals) = postSolution
		SolutionGuid = {D3C31CB6-ACAD-4DD9-A536-2B4360B5CFCE}
	EndGlobalSection
EndGlobal
