
Microsoft Visual Studio Solution File, Format Version 12.00
# Visual Studio Version 17
VisualStudioVersion = 17.5.002.0
MinimumVisualStudioVersion = 10.0.40219.1
Project("{9A19103F-16F7-4668-BE54-9A1E7A4F7556}") = "ReadingNumber", "ReadingNumber.csproj", "{C3DBB6AD-7CFD-4337-92AE-D3472A308130}"
EndProject
Global
	GlobalSection(SolutionConfigurationPlatforms) = preSolution
		Debug|Any CPU = Debug|Any CPU
		Release|Any CPU = Release|Any CPU
	EndGlobalSection
	GlobalSection(ProjectConfigurationPlatforms) = postSolution
		{C3DBB6AD-7CFD-4337-92AE-D3472A308130}.Debug|Any CPU.ActiveCfg = Debug|Any CPU
		{C3DBB6AD-7CFD-4337-92AE-D3472A308130}.Debug|Any CPU.Build.0 = Debug|Any CPU
		{C3DBB6AD-7CFD-4337-92AE-D3472A308130}.Release|Any CPU.ActiveCfg = Release|Any CPU
		{C3DBB6AD-7CFD-4337-92AE-D3472A308130}.Release|Any CPU.Build.0 = Release|Any CPU
	EndGlobalSection
	GlobalSection(SolutionProperties) = preSolution
		HideSolutionNode = FALSE
	EndGlobalSection
	GlobalSection(ExtensibilityGlobals) = postSolution
		SolutionGuid = {4325D79F-4E6D-4087-A807-82DD9D8FE344}
	EndGlobalSection
EndGlobal
