
Microsoft Visual Studio Solution File, Format Version 12.00
# Visual Studio Version 17
VisualStudioVersion = 17.5.002.0
MinimumVisualStudioVersion = 10.0.40219.1
Project("{9A19103F-16F7-4668-BE54-9A1E7A4F7556}") = "Multiexcetion", "Multiexcetion.csproj", "{170E6F3A-4868-495C-B726-C0E218C4EA61}"
EndProject
Global
	GlobalSection(SolutionConfigurationPlatforms) = preSolution
		Debug|Any CPU = Debug|Any CPU
		Release|Any CPU = Release|Any CPU
	EndGlobalSection
	GlobalSection(ProjectConfigurationPlatforms) = postSolution
		{170E6F3A-4868-495C-B726-C0E218C4EA61}.Debug|Any CPU.ActiveCfg = Debug|Any CPU
		{170E6F3A-4868-495C-B726-C0E218C4EA61}.Debug|Any CPU.Build.0 = Debug|Any CPU
		{170E6F3A-4868-495C-B726-C0E218C4EA61}.Release|Any CPU.ActiveCfg = Release|Any CPU
		{170E6F3A-4868-495C-B726-C0E218C4EA61}.Release|Any CPU.Build.0 = Release|Any CPU
	EndGlobalSection
	GlobalSection(SolutionProperties) = preSolution
		HideSolutionNode = FALSE
	EndGlobalSection
	GlobalSection(ExtensibilityGlobals) = postSolution
		SolutionGuid = {E609852B-3276-40D5-A1D9-1680585AC2A1}
	EndGlobalSection
EndGlobal
