
Microsoft Visual Studio Solution File, Format Version 12.00
# Visual Studio Version 17
VisualStudioVersion = 17.5.002.0
MinimumVisualStudioVersion = 10.0.40219.1
Project("{9A19103F-16F7-4668-BE54-9A1E7A4F7556}") = "Ptbac1", "Ptbac1.csproj", "{A99B6541-27B4-4F2A-8399-2E1DE7A13AD3}"
EndProject
Global
	GlobalSection(SolutionConfigurationPlatforms) = preSolution
		Debug|Any CPU = Debug|Any CPU
		Release|Any CPU = Release|Any CPU
	EndGlobalSection
	GlobalSection(ProjectConfigurationPlatforms) = postSolution
		{A99B6541-27B4-4F2A-8399-2E1DE7A13AD3}.Debug|Any CPU.ActiveCfg = Debug|Any CPU
		{A99B6541-27B4-4F2A-8399-2E1DE7A13AD3}.Debug|Any CPU.Build.0 = Debug|Any CPU
		{A99B6541-27B4-4F2A-8399-2E1DE7A13AD3}.Release|Any CPU.ActiveCfg = Release|Any CPU
		{A99B6541-27B4-4F2A-8399-2E1DE7A13AD3}.Release|Any CPU.Build.0 = Release|Any CPU
	EndGlobalSection
	GlobalSection(SolutionProperties) = preSolution
		HideSolutionNode = FALSE
	EndGlobalSection
	GlobalSection(ExtensibilityGlobals) = postSolution
		SolutionGuid = {93E8466A-832E-41CB-AFD6-D480CE8D083C}
	EndGlobalSection
EndGlobal
