
Microsoft Visual Studio Solution File, Format Version 12.00
# Visual Studio Version 17
VisualStudioVersion = 17.5.002.0
MinimumVisualStudioVersion = 10.0.40219.1
Project("{9A19103F-16F7-4668-BE54-9A1E7A4F7556}") = "Loopnumber", "Loopnumber.csproj", "{4BCFDA6A-32F1-4B4B-AEF9-D856EC284013}"
EndProject
Global
	GlobalSection(SolutionConfigurationPlatforms) = preSolution
		Debug|Any CPU = Debug|Any CPU
		Release|Any CPU = Release|Any CPU
	EndGlobalSection
	GlobalSection(ProjectConfigurationPlatforms) = postSolution
		{4BCFDA6A-32F1-4B4B-AEF9-D856EC284013}.Debug|Any CPU.ActiveCfg = Debug|Any CPU
		{4BCFDA6A-32F1-4B4B-AEF9-D856EC284013}.Debug|Any CPU.Build.0 = Debug|Any CPU
		{4BCFDA6A-32F1-4B4B-AEF9-D856EC284013}.Release|Any CPU.ActiveCfg = Release|Any CPU
		{4BCFDA6A-32F1-4B4B-AEF9-D856EC284013}.Release|Any CPU.Build.0 = Release|Any CPU
	EndGlobalSection
	GlobalSection(SolutionProperties) = preSolution
		HideSolutionNode = FALSE
	EndGlobalSection
	GlobalSection(ExtensibilityGlobals) = postSolution
		SolutionGuid = {C1EC5CF8-DD78-4E49-837E-FC579B7C44C5}
	EndGlobalSection
EndGlobal
