
Microsoft Visual Studio Solution File, Format Version 12.00
# Visual Studio Version 17
VisualStudioVersion = 17.5.002.0
MinimumVisualStudioVersion = 10.0.40219.1
Project("{9A19103F-16F7-4668-BE54-9A1E7A4F7556}") = "HeCacDoiTuongHinhHoc", "HeCacDoiTuongHinhHoc.csproj", "{B950ADFC-8CC8-4314-86B7-6CD6C1553C67}"
EndProject
Global
	GlobalSection(SolutionConfigurationPlatforms) = preSolution
		Debug|Any CPU = Debug|Any CPU
		Release|Any CPU = Release|Any CPU
	EndGlobalSection
	GlobalSection(ProjectConfigurationPlatforms) = postSolution
		{B950ADFC-8CC8-4314-86B7-6CD6C1553C67}.Debug|Any CPU.ActiveCfg = Debug|Any CPU
		{B950ADFC-8CC8-4314-86B7-6CD6C1553C67}.Debug|Any CPU.Build.0 = Debug|Any CPU
		{B950ADFC-8CC8-4314-86B7-6CD6C1553C67}.Release|Any CPU.ActiveCfg = Release|Any CPU
		{B950ADFC-8CC8-4314-86B7-6CD6C1553C67}.Release|Any CPU.Build.0 = Release|Any CPU
	EndGlobalSection
	GlobalSection(SolutionProperties) = preSolution
		HideSolutionNode = FALSE
	EndGlobalSection
	GlobalSection(ExtensibilityGlobals) = postSolution
		SolutionGuid = {E022B640-BED8-40C6-8015-D18443918B89}
	EndGlobalSection
EndGlobal
